
Microsoft Visual Studio Solution File, Format Version 12.00
# Visual Studio 14
VisualStudioVersion = 14.0.25420.1
MinimumVisualStudioVersion = 10.0.40219.1
Project("{8BC9CEB8-8B4A-11D0-8D11-00A0C91BC942}") = "13.1 WDM设备", "13.1 WDM设备\13.1 WDM设备.vcxproj", "{CC3597FF-DDEB-4518-B2C7-10B5828C49DF}"
EndProject
Project("{8BC9CEB8-8B4A-11D0-8D11-00A0C91BC942}") = "Test", "Test\Test.vcxproj", "{56D14651-4EAB-4C59-BA52-890F852BC34B}"
EndProject
Global
	GlobalSection(SolutionConfigurationPlatforms) = preSolution
		Debug|ARM = Debug|ARM
		Debug|ARM64 = Debug|ARM64
		Debug|x64 = Debug|x64
		Debug|x86 = Debug|x86
		Release|ARM = Release|ARM
		Release|ARM64 = Release|ARM64
		Release|x64 = Release|x64
		Release|x86 = Release|x86
	EndGlobalSection
	GlobalSection(ProjectConfigurationPlatforms) = postSolution
		{CC3597FF-DDEB-4518-B2C7-10B5828C49DF}.Debug|ARM.ActiveCfg = Debug|ARM
		{CC3597FF-DDEB-4518-B2C7-10B5828C49DF}.Debug|ARM.Build.0 = Debug|ARM
		{CC3597FF-DDEB-4518-B2C7-10B5828C49DF}.Debug|ARM.Deploy.0 = Debug|ARM
		{CC3597FF-DDEB-4518-B2C7-10B5828C49DF}.Debug|ARM64.ActiveCfg = Debug|ARM64
		{CC3597FF-DDEB-4518-B2C7-10B5828C49DF}.Debug|ARM64.Build.0 = Debug|ARM64
		{CC3597FF-DDEB-4518-B2C7-10B5828C49DF}.Debug|ARM64.Deploy.0 = Debug|ARM64
		{CC3597FF-DDEB-4518-B2C7-10B5828C49DF}.Debug|x64.ActiveCfg = Debug|x64
		{CC3597FF-DDEB-4518-B2C7-10B5828C49DF}.Debug|x64.Build.0 = Debug|x64
		{CC3597FF-DDEB-4518-B2C7-10B5828C49DF}.Debug|x64.Deploy.0 = Debug|x64
		{CC3597FF-DDEB-4518-B2C7-10B5828C49DF}.Debug|x86.ActiveCfg = Debug|Win32
		{CC3597FF-DDEB-4518-B2C7-10B5828C49DF}.Debug|x86.Build.0 = Debug|Win32
		{CC3597FF-DDEB-4518-B2C7-10B5828C49DF}.Debug|x86.Deploy.0 = Debug|Win32
		{CC3597FF-DDEB-4518-B2C7-10B5828C49DF}.Release|ARM.ActiveCfg = Release|ARM
		{CC3597FF-DDEB-4518-B2C7-10B5828C49DF}.Release|ARM.Build.0 = Release|ARM
		{CC3597FF-DDEB-4518-B2C7-10B5828C49DF}.Release|ARM.Deploy.0 = Release|ARM
		{CC3597FF-DDEB-4518-B2C7-10B5828C49DF}.Release|ARM64.ActiveCfg = Release|ARM64
		{CC3597FF-DDEB-4518-B2C7-10B5828C49DF}.Release|ARM64.Build.0 = Release|ARM64
		{CC3597FF-DDEB-4518-B2C7-10B5828C49DF}.Release|ARM64.Deploy.0 = Release|ARM64
		{CC3597FF-DDEB-4518-B2C7-10B5828C49DF}.Release|x64.ActiveCfg = Release|x64
		{CC3597FF-DDEB-4518-B2C7-10B5828C49DF}.Release|x64.Build.0 = Release|x64
		{CC3597FF-DDEB-4518-B2C7-10B5828C49DF}.Release|x64.Deploy.0 = Release|x64
		{CC3597FF-DDEB-4518-B2C7-10B5828C49DF}.Release|x86.ActiveCfg = Release|Win32
		{CC3597FF-DDEB-4518-B2C7-10B5828C49DF}.Release|x86.Build.0 = Release|Win32
		{CC3597FF-DDEB-4518-B2C7-10B5828C49DF}.Release|x86.Deploy.0 = Release|Win32
		{56D14651-4EAB-4C59-BA52-890F852BC34B}.Debug|ARM.ActiveCfg = Debug|Win32
		{56D14651-4EAB-4C59-BA52-890F852BC34B}.Debug|ARM64.ActiveCfg = Debug|Win32
		{56D14651-4EAB-4C59-BA52-890F852BC34B}.Debug|x64.ActiveCfg = Debug|x64
		{56D14651-4EAB-4C59-BA52-890F852BC34B}.Debug|x64.Build.0 = Debug|x64
		{56D14651-4EAB-4C59-BA52-890F852BC34B}.Debug|x86.ActiveCfg = Debug|Win32
		{56D14651-4EAB-4C59-BA52-890F852BC34B}.Debug|x86.Build.0 = Debug|Win32
		{56D14651-4EAB-4C59-BA52-890F852BC34B}.Release|ARM.ActiveCfg = Release|Win32
		{56D14651-4EAB-4C59-BA52-890F852BC34B}.Release|ARM64.ActiveCfg = Release|Win32
		{56D14651-4EAB-4C59-BA52-890F852BC34B}.Release|x64.ActiveCfg = Release|x64
		{56D14651-4EAB-4C59-BA52-890F852BC34B}.Release|x64.Build.0 = Release|x64
		{56D14651-4EAB-4C59-BA52-890F852BC34B}.Release|x86.ActiveCfg = Release|Win32
		{56D14651-4EAB-4C59-BA52-890F852BC34B}.Release|x86.Build.0 = Release|Win32
	EndGlobalSection
	GlobalSection(SolutionProperties) = preSolution
		HideSolutionNode = FALSE
	EndGlobalSection
EndGlobal
