
Microsoft Visual Studio Solution File, Format Version 12.00
# Visual Studio 14
VisualStudioVersion = 14.0.25420.1
MinimumVisualStudioVersion = 10.0.40219.1
Project("{8BC9CEB8-8B4A-11D0-8D11-00A0C91BC942}") = "7.6 IOCTL_Test", "7.6 IOCTL_Test\7.6 IOCTL_Test.vcxproj", "{029D5FC1-04B4-4269-AB53-E874247DDD2B}"
EndProject
Project("{8BC9CEB8-8B4A-11D0-8D11-00A0C91BC942}") = "Test", "Test\Test.vcxproj", "{CE0826B8-67C5-4400-A58A-6FBB83871338}"
EndProject
Global
	GlobalSection(SolutionConfigurationPlatforms) = preSolution
		Debug|ARM = Debug|ARM
		Debug|ARM64 = Debug|ARM64
		Debug|x64 = Debug|x64
		Debug|x86 = Debug|x86
		Release|ARM = Release|ARM
		Release|ARM64 = Release|ARM64
		Release|x64 = Release|x64
		Release|x86 = Release|x86
	EndGlobalSection
	GlobalSection(ProjectConfigurationPlatforms) = postSolution
		{029D5FC1-04B4-4269-AB53-E874247DDD2B}.Debug|ARM.ActiveCfg = Debug|ARM
		{029D5FC1-04B4-4269-AB53-E874247DDD2B}.Debug|ARM.Build.0 = Debug|ARM
		{029D5FC1-04B4-4269-AB53-E874247DDD2B}.Debug|ARM.Deploy.0 = Debug|ARM
		{029D5FC1-04B4-4269-AB53-E874247DDD2B}.Debug|ARM64.ActiveCfg = Debug|ARM64
		{029D5FC1-04B4-4269-AB53-E874247DDD2B}.Debug|ARM64.Build.0 = Debug|ARM64
		{029D5FC1-04B4-4269-AB53-E874247DDD2B}.Debug|ARM64.Deploy.0 = Debug|ARM64
		{029D5FC1-04B4-4269-AB53-E874247DDD2B}.Debug|x64.ActiveCfg = Debug|x64
		{029D5FC1-04B4-4269-AB53-E874247DDD2B}.Debug|x64.Build.0 = Debug|x64
		{029D5FC1-04B4-4269-AB53-E874247DDD2B}.Debug|x64.Deploy.0 = Debug|x64
		{029D5FC1-04B4-4269-AB53-E874247DDD2B}.Debug|x86.ActiveCfg = Debug|Win32
		{029D5FC1-04B4-4269-AB53-E874247DDD2B}.Debug|x86.Build.0 = Debug|Win32
		{029D5FC1-04B4-4269-AB53-E874247DDD2B}.Debug|x86.Deploy.0 = Debug|Win32
		{029D5FC1-04B4-4269-AB53-E874247DDD2B}.Release|ARM.ActiveCfg = Release|ARM
		{029D5FC1-04B4-4269-AB53-E874247DDD2B}.Release|ARM.Build.0 = Release|ARM
		{029D5FC1-04B4-4269-AB53-E874247DDD2B}.Release|ARM.Deploy.0 = Release|ARM
		{029D5FC1-04B4-4269-AB53-E874247DDD2B}.Release|ARM64.ActiveCfg = Release|ARM64
		{029D5FC1-04B4-4269-AB53-E874247DDD2B}.Release|ARM64.Build.0 = Release|ARM64
		{029D5FC1-04B4-4269-AB53-E874247DDD2B}.Release|ARM64.Deploy.0 = Release|ARM64
		{029D5FC1-04B4-4269-AB53-E874247DDD2B}.Release|x64.ActiveCfg = Release|x64
		{029D5FC1-04B4-4269-AB53-E874247DDD2B}.Release|x64.Build.0 = Release|x64
		{029D5FC1-04B4-4269-AB53-E874247DDD2B}.Release|x64.Deploy.0 = Release|x64
		{029D5FC1-04B4-4269-AB53-E874247DDD2B}.Release|x86.ActiveCfg = Release|Win32
		{029D5FC1-04B4-4269-AB53-E874247DDD2B}.Release|x86.Build.0 = Release|Win32
		{029D5FC1-04B4-4269-AB53-E874247DDD2B}.Release|x86.Deploy.0 = Release|Win32
		{CE0826B8-67C5-4400-A58A-6FBB83871338}.Debug|ARM.ActiveCfg = Debug|Win32
		{CE0826B8-67C5-4400-A58A-6FBB83871338}.Debug|ARM64.ActiveCfg = Debug|Win32
		{CE0826B8-67C5-4400-A58A-6FBB83871338}.Debug|x64.ActiveCfg = Debug|x64
		{CE0826B8-67C5-4400-A58A-6FBB83871338}.Debug|x64.Build.0 = Debug|x64
		{CE0826B8-67C5-4400-A58A-6FBB83871338}.Debug|x86.ActiveCfg = Debug|Win32
		{CE0826B8-67C5-4400-A58A-6FBB83871338}.Debug|x86.Build.0 = Debug|Win32
		{CE0826B8-67C5-4400-A58A-6FBB83871338}.Release|ARM.ActiveCfg = Release|Win32
		{CE0826B8-67C5-4400-A58A-6FBB83871338}.Release|ARM64.ActiveCfg = Release|Win32
		{CE0826B8-67C5-4400-A58A-6FBB83871338}.Release|x64.ActiveCfg = Release|x64
		{CE0826B8-67C5-4400-A58A-6FBB83871338}.Release|x64.Build.0 = Release|x64
		{CE0826B8-67C5-4400-A58A-6FBB83871338}.Release|x86.ActiveCfg = Release|Win32
		{CE0826B8-67C5-4400-A58A-6FBB83871338}.Release|x86.Build.0 = Release|Win32
	EndGlobalSection
	GlobalSection(SolutionProperties) = preSolution
		HideSolutionNode = FALSE
	EndGlobalSection
EndGlobal
